{
  "requires": true,
  "lockfileVersion": 1,
  "dependencies": {
    "wddtest": {
      "version": "1.1.0",
      "resolved": "https://registry.npmjs.org/wddtest/-/wddtest-1.1.0.tgz",
      "integrity": "sha512-SOaK2KWspGfo7SSItlEYWo/R+L22E9yj3J2bt8psNhoNjDj2b6zgX5xF78uHrnGg/5EHkcblLDV8jH5Ds1OgtQ=="
    },
    "wdtest": {
      "version": "1.1.0",
      "resolved": "https://registry.npmjs.org/wdtest/-/wdtest-1.1.0.tgz",
      "integrity": "sha512-xgrouuLzZPpg2sk++tGrdWLBCA1hv2j/Dee+GzJOUrf+sQYx4ZJBGBAyc6AVdMV1AVLvG43SdgDN4+D9lUbCDQ=="
    }
  }
}
